// !$*UTF8*$!
{
	archiveVersion = 1;
	classes = {
	};
	objectVersion = 50;
	objects = {

/* Begin PBXBuildFile section */
		C65EBA6723F70B580091B7F9 /* assignment6.cpp in Sources */ = {isa = PBXBuildFile; fileRef = C65EBA6623F70B580091B7F9 /* assignment6.cpp */; };
		C65EBA7223F70BE80091B7F9 /* EBookEntry.cpp in Sources */ = {isa = PBXBuildFile; fileRef = C65EBA7023F70BE80091B7F9 /* EBookEntry.cpp */; };
/* End PBXBuildFile section */

/* Begin PBXCopyFilesBuildPhase section */
		C65EBA6123F70B580091B7F9 /* CopyFiles */ = {
			isa = PBXCopyFilesBuildPhase;
			buildActionMask = 2147483647;
			dstPath = /usr/share/man/man1/;
			dstSubfolderSpec = 0;
			files = (
			);
			runOnlyForDeploymentPostprocessing = 1;
		};
/* End PBXCopyFilesBuildPhase section */

/* Begin PBXFileReference section */
		C65EBA6323F70B580091B7F9 /* assignment6 */ = {isa = PBXFileReference; explicitFileType = "compiled.mach-o.executable"; includeInIndex = 0; path = assignment6; sourceTree = BUILT_PRODUCTS_DIR; };
		C65EBA6623F70B580091B7F9 /* assignment6.cpp */ = {isa = PBXFileReference; lastKnownFileType = sourcecode.cpp.cpp; path = assignment6.cpp; sourceTree = "<group>"; };
		C65EBA6D23F70BBC0091B7F9 /* FHhashQPwFind.h */ = {isa = PBXFileReference; lastKnownFileType = sourcecode.c.h; path = FHhashQPwFind.h; sourceTree = SOURCE_ROOT; };
		C65EBA6E23F70BE80091B7F9 /* FHvector.h */ = {isa = PBXFileReference; fileEncoding = 4; lastKnownFileType = sourcecode.c.h; path = FHvector.h; sourceTree = "<group>"; };
		C65EBA6F23F70BE80091B7F9 /* FHhashQP.h */ = {isa = PBXFileReference; fileEncoding = 4; lastKnownFileType = sourcecode.c.h; path = FHhashQP.h; sourceTree = "<group>"; };
		C65EBA7023F70BE80091B7F9 /* EBookEntry.cpp */ = {isa = PBXFileReference; fileEncoding = 4; lastKnownFileType = sourcecode.cpp.cpp; path = EBookEntry.cpp; sourceTree = "<group>"; };
		C65EBA7123F70BE80091B7F9 /* EBookEntry.h */ = {isa = PBXFileReference; fileEncoding = 4; lastKnownFileType = sourcecode.c.h; path = EBookEntry.h; sourceTree = "<group>"; };
		C6B595BC23F9D1F500315E09 /* catalog-short4.txt */ = {isa = PBXFileReference; lastKnownFileType = text; path = "catalog-short4.txt"; sourceTree = "<group>"; };
/* End PBXFileReference section */

/* Begin PBXFrameworksBuildPhase section */
		C65EBA6023F70B580091B7F9 /* Frameworks */ = {
			isa = PBXFrameworksBuildPhase;
			buildActionMask = 2147483647;
			files = (
			);
			runOnlyForDeploymentPostprocessing = 0;
		};
/* End PBXFrameworksBuildPhase section */

/* Begin PBXGroup section */
		C65EBA5A23F70B580091B7F9 = {
			isa = PBXGroup;
			children = (
				C6B595BC23F9D1F500315E09 /* catalog-short4.txt */,
				C65EBA7023F70BE80091B7F9 /* EBookEntry.cpp */,
				C65EBA7123F70BE80091B7F9 /* EBookEntry.h */,
				C65EBA6F23F70BE80091B7F9 /* FHhashQP.h */,
				C65EBA6E23F70BE80091B7F9 /* FHvector.h */,
				C65EBA6D23F70BBC0091B7F9 /* FHhashQPwFind.h */,
				C65EBA6523F70B580091B7F9 /* assignment6 */,
				C65EBA6423F70B580091B7F9 /* Products */,
			);
			sourceTree = "<group>";
		};
		C65EBA6423F70B580091B7F9 /* Products */ = {
			isa = PBXGroup;
			children = (
				C65EBA6323F70B580091B7F9 /* assignment6 */,
			);
			name = Products;
			sourceTree = "<group>";
		};
		C65EBA6523F70B580091B7F9 /* assignment6 */ = {
			isa = PBXGroup;
			children = (
				C65EBA6623F70B580091B7F9 /* assignment6.cpp */,
			);
			path = assignment6;
			sourceTree = "<group>";
		};
/* End PBXGroup section */

/* Begin PBXNativeTarget section */
		C65EBA6223F70B580091B7F9 /* assignment6 */ = {
			isa = PBXNativeTarget;
			buildConfigurationList = C65EBA6A23F70B580091B7F9 /* Build configuration list for PBXNativeTarget "assignment6" */;
			buildPhases = (
				C65EBA5F23F70B580091B7F9 /* Sources */,
				C65EBA6023F70B580091B7F9 /* Frameworks */,
				C65EBA6123F70B580091B7F9 /* CopyFiles */,
			);
			buildRules = (
			);
			dependencies = (
			);
			name = assignment6;
			productName = assignment6;
			productReference = C65EBA6323F70B580091B7F9 /* assignment6 */;
			productType = "com.apple.product-type.tool";
		};
/* End PBXNativeTarget section */

/* Begin PBXProject section */
		C65EBA5B23F70B580091B7F9 /* Project object */ = {
			isa = PBXProject;
			attributes = {
				LastUpgradeCheck = 1130;
				ORGANIZATIONNAME = "Brandon Goldenberg";
				TargetAttributes = {
					C65EBA6223F70B580091B7F9 = {
						CreatedOnToolsVersion = 11.3.1;
					};
				};
			};
			buildConfigurationList = C65EBA5E23F70B580091B7F9 /* Build configuration list for PBXProject "assignment6" */;
			compatibilityVersion = "Xcode 9.3";
			developmentRegion = en;
			hasScannedForEncodings = 0;
			knownRegions = (
				en,
				Base,
			);
			mainGroup = C65EBA5A23F70B580091B7F9;
			productRefGroup = C65EBA6423F70B580091B7F9 /* Products */;
			projectDirPath = "";
			projectRoot = "";
			targets = (
				C65EBA6223F70B580091B7F9 /* assignment6 */,
			);
		};
/* End PBXProject section */

/* Begin PBXSourcesBuildPhase section */
		C65EBA5F23F70B580091B7F9 /* Sources */ = {
			isa = PBXSourcesBuildPhase;
			buildActionMask = 2147483647;
			files = (
				C65EBA6723F70B580091B7F9 /* assignment6.cpp in Sources */,
				C65EBA7223F70BE80091B7F9 /* EBookEntry.cpp in Sources */,
			);
			runOnlyForDeploymentPostprocessing = 0;
		};
/* End PBXSourcesBuildPhase section */

/* Begin XCBuildConfiguration section */
		C65EBA6823F70B580091B7F9 /* Debug */ = {
			isa = XCBuildConfiguration;
			buildSettings = {
				ALWAYS_SEARCH_USER_PATHS = NO;
				CLANG_ANALYZER_NONNULL = YES;
				CLANG_ANALYZER_NUMBER_OBJECT_CONVERSION = YES_AGGRESSIVE;
				CLANG_CXX_LANGUAGE_STANDARD = "gnu++14";
				CLANG_CXX_LIBRARY = "libc++";
				CLANG_ENABLE_MODULES = YES;
				CLANG_ENABLE_OBJC_ARC = YES;
				CLANG_ENABLE_OBJC_WEAK = YES;
				CLANG_WARN_BLOCK_CAPTURE_AUTORELEASING = YES;
				CLANG_WARN_BOOL_CONVERSION = YES;
				CLANG_WARN_COMMA = YES;
				CLANG_WARN_CONSTANT_CONVERSION = YES;
				CLANG_WARN_DEPRECATED_OBJC_IMPLEMENTATIONS = YES;
				CLANG_WARN_DIRECT_OBJC_ISA_USAGE = YES_ERROR;
				CLANG_WARN_DOCUMENTATION_COMMENTS = YES;
				CLANG_WARN_EMPTY_BODY = YES;
				CLANG_WARN_ENUM_CONVERSION = YES;
				CLANG_WARN_INFINITE_RECURSION = YES;
				CLANG_WARN_INT_CONVERSION = YES;
				CLANG_WARN_NON_LITERAL_NULL_CONVERSION = YES;
				CLANG_WARN_OBJC_IMPLICIT_RETAIN_SELF = YES;
				CLANG_WARN_OBJC_LITERAL_CONVERSION = YES;
				CLANG_WARN_OBJC_ROOT_CLASS = YES_ERROR;
				CLANG_WARN_RANGE_LOOP_ANALYSIS = YES;
				CLANG_WARN_STRICT_PROTOTYPES = YES;
				CLANG_WARN_SUSPICIOUS_MOVE = YES;
				CLANG_WARN_UNGUARDED_AVAILABILITY = YES_AGGRESSIVE;
				CLANG_WARN_UNREACHABLE_CODE = YES;
				CLANG_WARN__DUPLICATE_METHOD_MATCH = YES;
				COPY_PHASE_STRIP = NO;
				DEBUG_INFORMATION_FORMAT = dwarf;
				ENABLE_STRICT_OBJC_MSGSEND = YES;
				ENABLE_TESTABILITY = YES;
				GCC_C_LANGUAGE_STANDARD = gnu11;
				GCC_DYNAMIC_NO_PIC = NO;
				GCC_NO_COMMON_BLOCKS = YES;
				GCC_OPTIMIZATION_LEVEL = 0;
				GCC_PREPROCESSOR_DEFINITIONS = (
					"DEBUG=1",
					"$(inherited)",
				);
				GCC_WARN_64_TO_32_BIT_CONVERSION = YES;
				GCC_WARN_ABOUT_RETURN_TYPE = YES_ERROR;
				GCC_WARN_UNDECLARED_SELECTOR = YES;
				GCC_WARN_UNINITIALIZED_AUTOS = YES_AGGRESSIVE;
				GCC_WARN_UNUSED_FUNCTION = YES;
				GCC_WARN_UNUSED_VARIABLE = YES;
				MACOSX_DEPLOYMENT_TARGET = 10.15;
				MTL_ENABLE_DEBUG_INFO = INCLUDE_SOURCE;
				MTL_FAST_MATH = YES;
				ONLY_ACTIVE_ARCH = YES;
				SDKROOT = macosx;
			};
			name = Debug;
		};
		C65EBA6923F70B580091B7F9 /* Release */ = {
			isa = XCBuildConfiguration;
			buildSettings = {
				ALWAYS_SEARCH_USER_PATHS = NO;
				CLANG_ANALYZER_NONNULL = YES;
				CLANG_ANALYZER_NUMBER_OBJECT_CONVERSION = YES_AGGRESSIVE;
				CLANG_CXX_LANGUAGE_STANDARD = "gnu++14";
				CLANG_CXX_LIBRARY = "libc++";
				CLANG_ENABLE_MODULES = YES;
				CLANG_ENABLE_OBJC_ARC = YES;
				CLANG_ENABLE_OBJC_WEAK = YES;
				CLANG_WARN_BLOCK_CAPTURE_AUTORELEASING = YES;
				CLANG_WARN_BOOL_CONVERSION = YES;
				CLANG_WARN_COMMA = YES;
				CLANG_WARN_CONSTANT_CONVERSION = YES;
				CLANG_WARN_DEPRECATED_OBJC_IMPLEMENTATIONS = YES;
				CLANG_WARN_DIRECT_OBJC_ISA_USAGE = YES_ERROR;
				CLANG_WARN_DOCUMENTATION_COMMENTS = YES;
				CLANG_WARN_EMPTY_BODY = YES;
				CLANG_WARN_ENUM_CONVERSION = YES;
				CLANG_WARN_INFINITE_RECURSION = YES;
				CLANG_WARN_INT_CONVERSION = YES;
				CLANG_WARN_NON_LITERAL_NULL_CONVERSION = YES;
				CLANG_WARN_OBJC_IMPLICIT_RETAIN_SELF = YES;
				CLANG_WARN_OBJC_LITERAL_CONVERSION = YES;
				CLANG_WARN_OBJC_ROOT_CLASS = YES_ERROR;
				CLANG_WARN_RANGE_LOOP_ANALYSIS = YES;
				CLANG_WARN_STRICT_PROTOTYPES = YES;
				CLANG_WARN_SUSPICIOUS_MOVE = YES;
				CLANG_WARN_UNGUARDED_AVAILABILITY = YES_AGGRESSIVE;
				CLANG_WARN_UNREACHABLE_CODE = YES;
				CLANG_WARN__DUPLICATE_METHOD_MATCH = YES;
				COPY_PHASE_STRIP = NO;
				DEBUG_INFORMATION_FORMAT = "dwarf-with-dsym";
				ENABLE_NS_ASSERTIONS = NO;
				ENABLE_STRICT_OBJC_MSGSEND = YES;
				GCC_C_LANGUAGE_STANDARD = gnu11;
				GCC_NO_COMMON_BLOCKS = YES;
				GCC_WARN_64_TO_32_BIT_CONVERSION = YES;
				GCC_WARN_ABOUT_RETURN_TYPE = YES_ERROR;
				GCC_WARN_UNDECLARED_SELECTOR = YES;
				GCC_WARN_UNINITIALIZED_AUTOS = YES_AGGRESSIVE;
				GCC_WARN_UNUSED_FUNCTION = YES;
				GCC_WARN_UNUSED_VARIABLE = YES;
				MACOSX_DEPLOYMENT_TARGET = 10.15;
				MTL_ENABLE_DEBUG_INFO = NO;
				MTL_FAST_MATH = YES;
				SDKROOT = macosx;
			};
			name = Release;
		};
		C65EBA6B23F70B580091B7F9 /* Debug */ = {
			isa = XCBuildConfiguration;
			buildSettings = {
				CODE_SIGN_STYLE = Automatic;
				PRODUCT_NAME = "$(TARGET_NAME)";
			};
			name = Debug;
		};
		C65EBA6C23F70B580091B7F9 /* Release */ = {
			isa = XCBuildConfiguration;
			buildSettings = {
				CODE_SIGN_STYLE = Automatic;
				PRODUCT_NAME = "$(TARGET_NAME)";
			};
			name = Release;
		};
/* End XCBuildConfiguration section */

/* Begin XCConfigurationList section */
		C65EBA5E23F70B580091B7F9 /* Build configuration list for PBXProject "assignment6" */ = {
			isa = XCConfigurationList;
			buildConfigurations = (
				C65EBA6823F70B580091B7F9 /* Debug */,
				C65EBA6923F70B580091B7F9 /* Release */,
			);
			defaultConfigurationIsVisible = 0;
			defaultConfigurationName = Release;
		};
		C65EBA6A23F70B580091B7F9 /* Build configuration list for PBXNativeTarget "assignment6" */ = {
			isa = XCConfigurationList;
			buildConfigurations = (
				C65EBA6B23F70B580091B7F9 /* Debug */,
				C65EBA6C23F70B580091B7F9 /* Release */,
			);
			defaultConfigurationIsVisible = 0;
			defaultConfigurationName = Release;
		};
/* End XCConfigurationList section */
	};
	rootObject = C65EBA5B23F70B580091B7F9 /* Project object */;
}
